
Microsoft Visual Studio Solution File, Format Version 12.00
# Visual Studio Version 17
VisualStudioVersion = 17.5.2.0
MinimumVisualStudioVersion = 10.0.40219.1
Project("{FAE04EC0-301F-11D3-BF4B-00C04F79EFBC}") = "ProductMS", "ProductMS\ProductMS.csproj", "{ABE6A13F-4E81-309F-D260-C4C584E5894A}"
EndProject
Project("{FAE04EC0-301F-11D3-BF4B-00C04F79EFBC}") = "OrderMS", "OrderMS\OrderMS.csproj", "{03C52F86-3CC5-422F-990E-3484E24AC1E6}"
EndProject
Global
	GlobalSection(SolutionConfigurationPlatforms) = preSolution
		Debug|Any CPU = Debug|Any CPU
		Debug|x64 = Debug|x64
		Debug|x86 = Debug|x86
		Release|Any CPU = Release|Any CPU
		Release|x64 = Release|x64
		Release|x86 = Release|x86
	EndGlobalSection
	GlobalSection(ProjectConfigurationPlatforms) = postSolution
		{ABE6A13F-4E81-309F-D260-C4C584E5894A}.Debug|Any CPU.ActiveCfg = Debug|Any CPU
		{ABE6A13F-4E81-309F-D260-C4C584E5894A}.Debug|Any CPU.Build.0 = Debug|Any CPU
		{ABE6A13F-4E81-309F-D260-C4C584E5894A}.Debug|x64.ActiveCfg = Debug|Any CPU
		{ABE6A13F-4E81-309F-D260-C4C584E5894A}.Debug|x64.Build.0 = Debug|Any CPU
		{ABE6A13F-4E81-309F-D260-C4C584E5894A}.Debug|x86.ActiveCfg = Debug|Any CPU
		{ABE6A13F-4E81-309F-D260-C4C584E5894A}.Debug|x86.Build.0 = Debug|Any CPU
		{ABE6A13F-4E81-309F-D260-C4C584E5894A}.Release|Any CPU.ActiveCfg = Release|Any CPU
		{ABE6A13F-4E81-309F-D260-C4C584E5894A}.Release|Any CPU.Build.0 = Release|Any CPU
		{ABE6A13F-4E81-309F-D260-C4C584E5894A}.Release|x64.ActiveCfg = Release|Any CPU
		{ABE6A13F-4E81-309F-D260-C4C584E5894A}.Release|x64.Build.0 = Release|Any CPU
		{ABE6A13F-4E81-309F-D260-C4C584E5894A}.Release|x86.ActiveCfg = Release|Any CPU
		{ABE6A13F-4E81-309F-D260-C4C584E5894A}.Release|x86.Build.0 = Release|Any CPU
		{03C52F86-3CC5-422F-990E-3484E24AC1E6}.Debug|Any CPU.ActiveCfg = Debug|Any CPU
		{03C52F86-3CC5-422F-990E-3484E24AC1E6}.Debug|Any CPU.Build.0 = Debug|Any CPU
		{03C52F86-3CC5-422F-990E-3484E24AC1E6}.Debug|x64.ActiveCfg = Debug|Any CPU
		{03C52F86-3CC5-422F-990E-3484E24AC1E6}.Debug|x64.Build.0 = Debug|Any CPU
		{03C52F86-3CC5-422F-990E-3484E24AC1E6}.Debug|x86.ActiveCfg = Debug|Any CPU
		{03C52F86-3CC5-422F-990E-3484E24AC1E6}.Debug|x86.Build.0 = Debug|Any CPU
		{03C52F86-3CC5-422F-990E-3484E24AC1E6}.Release|Any CPU.ActiveCfg = Release|Any CPU
		{03C52F86-3CC5-422F-990E-3484E24AC1E6}.Release|Any CPU.Build.0 = Release|Any CPU
		{03C52F86-3CC5-422F-990E-3484E24AC1E6}.Release|x64.ActiveCfg = Release|Any CPU
		{03C52F86-3CC5-422F-990E-3484E24AC1E6}.Release|x64.Build.0 = Release|Any CPU
		{03C52F86-3CC5-422F-990E-3484E24AC1E6}.Release|x86.ActiveCfg = Release|Any CPU
		{03C52F86-3CC5-422F-990E-3484E24AC1E6}.Release|x86.Build.0 = Release|Any CPU
	EndGlobalSection
	GlobalSection(SolutionProperties) = preSolution
		HideSolutionNode = FALSE
	EndGlobalSection
	GlobalSection(ExtensibilityGlobals) = postSolution
		SolutionGuid = {AF6B2529-4979-4CB2-972C-DC237519855A}
	EndGlobalSection
EndGlobal
